
Microsoft Visual Studio Solution File, Format Version 12.00
# Visual Studio Version 16
VisualStudioVersion = 16.0.30503.244
MinimumVisualStudioVersion = 10.0.40219.1
Project("{9A19103F-16F7-4668-BE54-9A1E7A4F7556}") = "WebApi", "WebApi\WebApi.csproj", "{E695B7E4-6DD1-423C-9D04-4DBA605672D3}"
EndProject
Project("{2150E333-8FDC-42A3-9474-1A3956D46DE8}") = "Test", "Test", "{B5A07358-125A-4857-88CE-FED91326FAFA}"
EndProject
Project("{9A19103F-16F7-4668-BE54-9A1E7A4F7556}") = "UnitTest", "Test\UnitTest\UnitTest.csproj", "{B6B5215D-9055-4B35-B55E-3C87253607E5}"
EndProject
Project("{2150E333-8FDC-42A3-9474-1A3956D46DE8}") = "Dto", "Dto", "{C94046FB-C923-4191-8037-BE26DED1E213}"
EndProject
Project("{9A19103F-16F7-4668-BE54-9A1E7A4F7556}") = "Module.Dto", "Dto\Module.Dto\Module.Dto.csproj", "{ED524B68-3F53-4038-992A-D90CA6C22FBF}"
EndProject
Project("{2150E333-8FDC-42A3-9474-1A3956D46DE8}") = "Factory", "Factory", "{4265E855-0E52-4037-8A02-DF67B578F68D}"
EndProject
Project("{9A19103F-16F7-4668-BE54-9A1E7A4F7556}") = "Module.Factory", "Factory\Module.Factory\Module.Factory.csproj", "{8194F333-AF9B-4A1D-88E2-628A22F2866E}"
EndProject
Project("{9A19103F-16F7-4668-BE54-9A1E7A4F7556}") = "Module.Factory.Interface", "Factory\Module.Factory.Interface\Module.Factory.Interface.csproj", "{95ED9954-431F-41E2-98F2-236C26FDABAF}"
EndProject
Project("{2150E333-8FDC-42A3-9474-1A3956D46DE8}") = "IoC", "IoC", "{E528D9E8-3D4C-4496-9DCB-432E4B0FF841}"
EndProject
Project("{9A19103F-16F7-4668-BE54-9A1E7A4F7556}") = "Module.IoC", "IoC\Module.IoC\Module.IoC.csproj", "{6B6FCB2E-125E-4B81-B853-54061D5F7C8A}"
EndProject
Project("{9A19103F-16F7-4668-BE54-9A1E7A4F7556}") = "Module.IoC.Interface", "IoC\Module.IoC.Interface\Module.IoC.Interface.csproj", "{5F8B2989-2FAD-4563-845C-57E2E2E4E7CB}"
EndProject
Project("{9A19103F-16F7-4668-BE54-9A1E7A4F7556}") = "Module.IoC.Register", "IoC\Module.IoC.Register\Module.IoC.Register.csproj", "{2F26C7AA-2E22-4A91-8344-2296986D41DA}"
EndProject
Project("{2150E333-8FDC-42A3-9474-1A3956D46DE8}") = "Repository", "Repository", "{C7B75445-808E-4F20-8A97-04A30B07D37C}"
EndProject
Project("{9A19103F-16F7-4668-BE54-9A1E7A4F7556}") = "Module.Repository", "Repository\Module.Repository\Module.Repository.csproj", "{13E1672A-ADE2-4E7E-8E78-7C57207D8E4D}"
EndProject
Project("{9A19103F-16F7-4668-BE54-9A1E7A4F7556}") = "Module.Repository.Interface", "Repository\Module.Repository.Interface\Module.Repository.Interface.csproj", "{7092FAF7-82D6-4BEA-B8F3-8DCC2758E1B5}"
EndProject
Project("{9A19103F-16F7-4668-BE54-9A1E7A4F7556}") = "Module.Repository.Model", "Repository\Module.Repository.Model\Module.Repository.Model.csproj", "{57711928-7283-44C1-BC12-EF2E8C062DA3}"
EndProject
Project("{2150E333-8FDC-42A3-9474-1A3956D46DE8}") = "Service", "Service", "{63B5251D-66D0-40EE-B2F2-18509C672F4B}"
EndProject
Project("{9A19103F-16F7-4668-BE54-9A1E7A4F7556}") = "Module.Service", "Service\Module.Service\Module.Service.csproj", "{B8E7FE44-9142-4FB0-91B8-5C9B33BE5301}"
EndProject
Project("{9A19103F-16F7-4668-BE54-9A1E7A4F7556}") = "Module.Service.Interface", "Service\Module.Service.Interface\Module.Service.Interface.csproj", "{DD5462F0-59AA-4F31-A4A7-551FB9E34BFD}"
EndProject
Project("{2150E333-8FDC-42A3-9474-1A3956D46DE8}") = "ServiceValidation", "ServiceValidation", "{6268CA21-AA38-4F48-8EE6-BE0C1CB2717D}"
EndProject
Project("{9A19103F-16F7-4668-BE54-9A1E7A4F7556}") = "Module.Service.Validation", "ServiceValidation\Module.Service.Validation\Module.Service.Validation.csproj", "{ED707388-D162-45A0-A6B9-77B71ADE2F54}"
EndProject
Project("{9A19103F-16F7-4668-BE54-9A1E7A4F7556}") = "Module.Service.Validation.Interface", "ServiceValidation\Module.Service.Validation.Interface\Module.Service.Validation.Interface.csproj", "{D7C8BBCA-A41B-46CE-935C-64B0B5365A9B}"
EndProject
Project("{2150E333-8FDC-42A3-9474-1A3956D46DE8}") = "Integration", "Integration", "{01337793-FEF2-46DB-88CC-273EC8967B34}"
EndProject
Project("{9A19103F-16F7-4668-BE54-9A1E7A4F7556}") = "Module.Integration.Interface", "Integration\Module.Integration.Interface\Module.Integration.Interface.csproj", "{1FD3685A-7015-42D3-887A-8B8CE90568FB}"
EndProject
Project("{9A19103F-16F7-4668-BE54-9A1E7A4F7556}") = "Module.Integration", "Integration\Module.Integration\Module.Integration.csproj", "{1C1CA8BA-D699-48BD-924D-432D7413F21C}"
EndProject
Project("{2150E333-8FDC-42A3-9474-1A3956D46DE8}") = "Utils", "Utils", "{FBEE6A39-CFDD-4884-92C6-4E5A02C02B07}"
EndProject
Project("{9A19103F-16F7-4668-BE54-9A1E7A4F7556}") = "Module.Util", "Utilidade\Module.Util\Module.Util.csproj", "{B20C0241-30D9-4827-B7D0-106E7C66C30C}"
EndProject
Global
	GlobalSection(SolutionConfigurationPlatforms) = preSolution
		Debug|Any CPU = Debug|Any CPU
		Production|Any CPU = Production|Any CPU
		Release|Any CPU = Release|Any CPU
	EndGlobalSection
	GlobalSection(ProjectConfigurationPlatforms) = postSolution
		{E695B7E4-6DD1-423C-9D04-4DBA605672D3}.Debug|Any CPU.ActiveCfg = Debug|Any CPU
		{E695B7E4-6DD1-423C-9D04-4DBA605672D3}.Debug|Any CPU.Build.0 = Debug|Any CPU
		{E695B7E4-6DD1-423C-9D04-4DBA605672D3}.Production|Any CPU.ActiveCfg = Production|Any CPU
		{E695B7E4-6DD1-423C-9D04-4DBA605672D3}.Production|Any CPU.Build.0 = Production|Any CPU
		{E695B7E4-6DD1-423C-9D04-4DBA605672D3}.Release|Any CPU.ActiveCfg = Release|Any CPU
		{E695B7E4-6DD1-423C-9D04-4DBA605672D3}.Release|Any CPU.Build.0 = Release|Any CPU
		{B6B5215D-9055-4B35-B55E-3C87253607E5}.Debug|Any CPU.ActiveCfg = Debug|Any CPU
		{B6B5215D-9055-4B35-B55E-3C87253607E5}.Debug|Any CPU.Build.0 = Debug|Any CPU
		{B6B5215D-9055-4B35-B55E-3C87253607E5}.Production|Any CPU.ActiveCfg = Production|Any CPU
		{B6B5215D-9055-4B35-B55E-3C87253607E5}.Production|Any CPU.Build.0 = Production|Any CPU
		{B6B5215D-9055-4B35-B55E-3C87253607E5}.Release|Any CPU.ActiveCfg = Release|Any CPU
		{B6B5215D-9055-4B35-B55E-3C87253607E5}.Release|Any CPU.Build.0 = Release|Any CPU
		{ED524B68-3F53-4038-992A-D90CA6C22FBF}.Debug|Any CPU.ActiveCfg = Debug|Any CPU
		{ED524B68-3F53-4038-992A-D90CA6C22FBF}.Debug|Any CPU.Build.0 = Debug|Any CPU
		{ED524B68-3F53-4038-992A-D90CA6C22FBF}.Production|Any CPU.ActiveCfg = Production|Any CPU
		{ED524B68-3F53-4038-992A-D90CA6C22FBF}.Production|Any CPU.Build.0 = Production|Any CPU
		{ED524B68-3F53-4038-992A-D90CA6C22FBF}.Release|Any CPU.ActiveCfg = Release|Any CPU
		{ED524B68-3F53-4038-992A-D90CA6C22FBF}.Release|Any CPU.Build.0 = Release|Any CPU
		{8194F333-AF9B-4A1D-88E2-628A22F2866E}.Debug|Any CPU.ActiveCfg = Debug|Any CPU
		{8194F333-AF9B-4A1D-88E2-628A22F2866E}.Debug|Any CPU.Build.0 = Debug|Any CPU
		{8194F333-AF9B-4A1D-88E2-628A22F2866E}.Production|Any CPU.ActiveCfg = Production|Any CPU
		{8194F333-AF9B-4A1D-88E2-628A22F2866E}.Production|Any CPU.Build.0 = Production|Any CPU
		{8194F333-AF9B-4A1D-88E2-628A22F2866E}.Release|Any CPU.ActiveCfg = Release|Any CPU
		{8194F333-AF9B-4A1D-88E2-628A22F2866E}.Release|Any CPU.Build.0 = Release|Any CPU
		{95ED9954-431F-41E2-98F2-236C26FDABAF}.Debug|Any CPU.ActiveCfg = Debug|Any CPU
		{95ED9954-431F-41E2-98F2-236C26FDABAF}.Debug|Any CPU.Build.0 = Debug|Any CPU
		{95ED9954-431F-41E2-98F2-236C26FDABAF}.Production|Any CPU.ActiveCfg = Production|Any CPU
		{95ED9954-431F-41E2-98F2-236C26FDABAF}.Production|Any CPU.Build.0 = Production|Any CPU
		{95ED9954-431F-41E2-98F2-236C26FDABAF}.Release|Any CPU.ActiveCfg = Release|Any CPU
		{95ED9954-431F-41E2-98F2-236C26FDABAF}.Release|Any CPU.Build.0 = Release|Any CPU
		{6B6FCB2E-125E-4B81-B853-54061D5F7C8A}.Debug|Any CPU.ActiveCfg = Debug|Any CPU
		{6B6FCB2E-125E-4B81-B853-54061D5F7C8A}.Debug|Any CPU.Build.0 = Debug|Any CPU
		{6B6FCB2E-125E-4B81-B853-54061D5F7C8A}.Production|Any CPU.ActiveCfg = Production|Any CPU
		{6B6FCB2E-125E-4B81-B853-54061D5F7C8A}.Production|Any CPU.Build.0 = Production|Any CPU
		{6B6FCB2E-125E-4B81-B853-54061D5F7C8A}.Release|Any CPU.ActiveCfg = Release|Any CPU
		{6B6FCB2E-125E-4B81-B853-54061D5F7C8A}.Release|Any CPU.Build.0 = Release|Any CPU
		{5F8B2989-2FAD-4563-845C-57E2E2E4E7CB}.Debug|Any CPU.ActiveCfg = Debug|Any CPU
		{5F8B2989-2FAD-4563-845C-57E2E2E4E7CB}.Debug|Any CPU.Build.0 = Debug|Any CPU
		{5F8B2989-2FAD-4563-845C-57E2E2E4E7CB}.Production|Any CPU.ActiveCfg = Production|Any CPU
		{5F8B2989-2FAD-4563-845C-57E2E2E4E7CB}.Production|Any CPU.Build.0 = Production|Any CPU
		{5F8B2989-2FAD-4563-845C-57E2E2E4E7CB}.Release|Any CPU.ActiveCfg = Release|Any CPU
		{5F8B2989-2FAD-4563-845C-57E2E2E4E7CB}.Release|Any CPU.Build.0 = Release|Any CPU
		{2F26C7AA-2E22-4A91-8344-2296986D41DA}.Debug|Any CPU.ActiveCfg = Debug|Any CPU
		{2F26C7AA-2E22-4A91-8344-2296986D41DA}.Debug|Any CPU.Build.0 = Debug|Any CPU
		{2F26C7AA-2E22-4A91-8344-2296986D41DA}.Production|Any CPU.ActiveCfg = Production|Any CPU
		{2F26C7AA-2E22-4A91-8344-2296986D41DA}.Production|Any CPU.Build.0 = Production|Any CPU
		{2F26C7AA-2E22-4A91-8344-2296986D41DA}.Release|Any CPU.ActiveCfg = Release|Any CPU
		{2F26C7AA-2E22-4A91-8344-2296986D41DA}.Release|Any CPU.Build.0 = Release|Any CPU
		{13E1672A-ADE2-4E7E-8E78-7C57207D8E4D}.Debug|Any CPU.ActiveCfg = Debug|Any CPU
		{13E1672A-ADE2-4E7E-8E78-7C57207D8E4D}.Debug|Any CPU.Build.0 = Debug|Any CPU
		{13E1672A-ADE2-4E7E-8E78-7C57207D8E4D}.Production|Any CPU.ActiveCfg = Production|Any CPU
		{13E1672A-ADE2-4E7E-8E78-7C57207D8E4D}.Production|Any CPU.Build.0 = Production|Any CPU
		{13E1672A-ADE2-4E7E-8E78-7C57207D8E4D}.Release|Any CPU.ActiveCfg = Release|Any CPU
		{13E1672A-ADE2-4E7E-8E78-7C57207D8E4D}.Release|Any CPU.Build.0 = Release|Any CPU
		{7092FAF7-82D6-4BEA-B8F3-8DCC2758E1B5}.Debug|Any CPU.ActiveCfg = Debug|Any CPU
		{7092FAF7-82D6-4BEA-B8F3-8DCC2758E1B5}.Debug|Any CPU.Build.0 = Debug|Any CPU
		{7092FAF7-82D6-4BEA-B8F3-8DCC2758E1B5}.Production|Any CPU.ActiveCfg = Production|Any CPU
		{7092FAF7-82D6-4BEA-B8F3-8DCC2758E1B5}.Production|Any CPU.Build.0 = Production|Any CPU
		{7092FAF7-82D6-4BEA-B8F3-8DCC2758E1B5}.Release|Any CPU.ActiveCfg = Release|Any CPU
		{7092FAF7-82D6-4BEA-B8F3-8DCC2758E1B5}.Release|Any CPU.Build.0 = Release|Any CPU
		{57711928-7283-44C1-BC12-EF2E8C062DA3}.Debug|Any CPU.ActiveCfg = Debug|Any CPU
		{57711928-7283-44C1-BC12-EF2E8C062DA3}.Debug|Any CPU.Build.0 = Debug|Any CPU
		{57711928-7283-44C1-BC12-EF2E8C062DA3}.Production|Any CPU.ActiveCfg = Production|Any CPU
		{57711928-7283-44C1-BC12-EF2E8C062DA3}.Production|Any CPU.Build.0 = Production|Any CPU
		{57711928-7283-44C1-BC12-EF2E8C062DA3}.Release|Any CPU.ActiveCfg = Release|Any CPU
		{57711928-7283-44C1-BC12-EF2E8C062DA3}.Release|Any CPU.Build.0 = Release|Any CPU
		{B8E7FE44-9142-4FB0-91B8-5C9B33BE5301}.Debug|Any CPU.ActiveCfg = Debug|Any CPU
		{B8E7FE44-9142-4FB0-91B8-5C9B33BE5301}.Debug|Any CPU.Build.0 = Debug|Any CPU
		{B8E7FE44-9142-4FB0-91B8-5C9B33BE5301}.Production|Any CPU.ActiveCfg = Production|Any CPU
		{B8E7FE44-9142-4FB0-91B8-5C9B33BE5301}.Production|Any CPU.Build.0 = Production|Any CPU
		{B8E7FE44-9142-4FB0-91B8-5C9B33BE5301}.Release|Any CPU.ActiveCfg = Release|Any CPU
		{B8E7FE44-9142-4FB0-91B8-5C9B33BE5301}.Release|Any CPU.Build.0 = Release|Any CPU
		{DD5462F0-59AA-4F31-A4A7-551FB9E34BFD}.Debug|Any CPU.ActiveCfg = Debug|Any CPU
		{DD5462F0-59AA-4F31-A4A7-551FB9E34BFD}.Debug|Any CPU.Build.0 = Debug|Any CPU
		{DD5462F0-59AA-4F31-A4A7-551FB9E34BFD}.Production|Any CPU.ActiveCfg = Production|Any CPU
		{DD5462F0-59AA-4F31-A4A7-551FB9E34BFD}.Production|Any CPU.Build.0 = Production|Any CPU
		{DD5462F0-59AA-4F31-A4A7-551FB9E34BFD}.Release|Any CPU.ActiveCfg = Release|Any CPU
		{DD5462F0-59AA-4F31-A4A7-551FB9E34BFD}.Release|Any CPU.Build.0 = Release|Any CPU
		{ED707388-D162-45A0-A6B9-77B71ADE2F54}.Debug|Any CPU.ActiveCfg = Debug|Any CPU
		{ED707388-D162-45A0-A6B9-77B71ADE2F54}.Debug|Any CPU.Build.0 = Debug|Any CPU
		{ED707388-D162-45A0-A6B9-77B71ADE2F54}.Production|Any CPU.ActiveCfg = Production|Any CPU
		{ED707388-D162-45A0-A6B9-77B71ADE2F54}.Production|Any CPU.Build.0 = Production|Any CPU
		{ED707388-D162-45A0-A6B9-77B71ADE2F54}.Release|Any CPU.ActiveCfg = Release|Any CPU
		{ED707388-D162-45A0-A6B9-77B71ADE2F54}.Release|Any CPU.Build.0 = Release|Any CPU
		{D7C8BBCA-A41B-46CE-935C-64B0B5365A9B}.Debug|Any CPU.ActiveCfg = Debug|Any CPU
		{D7C8BBCA-A41B-46CE-935C-64B0B5365A9B}.Debug|Any CPU.Build.0 = Debug|Any CPU
		{D7C8BBCA-A41B-46CE-935C-64B0B5365A9B}.Production|Any CPU.ActiveCfg = Production|Any CPU
		{D7C8BBCA-A41B-46CE-935C-64B0B5365A9B}.Production|Any CPU.Build.0 = Production|Any CPU
		{D7C8BBCA-A41B-46CE-935C-64B0B5365A9B}.Release|Any CPU.ActiveCfg = Release|Any CPU
		{D7C8BBCA-A41B-46CE-935C-64B0B5365A9B}.Release|Any CPU.Build.0 = Release|Any CPU
		{1FD3685A-7015-42D3-887A-8B8CE90568FB}.Debug|Any CPU.ActiveCfg = Debug|Any CPU
		{1FD3685A-7015-42D3-887A-8B8CE90568FB}.Debug|Any CPU.Build.0 = Debug|Any CPU
		{1FD3685A-7015-42D3-887A-8B8CE90568FB}.Production|Any CPU.ActiveCfg = Debug|Any CPU
		{1FD3685A-7015-42D3-887A-8B8CE90568FB}.Production|Any CPU.Build.0 = Debug|Any CPU
		{1FD3685A-7015-42D3-887A-8B8CE90568FB}.Release|Any CPU.ActiveCfg = Release|Any CPU
		{1FD3685A-7015-42D3-887A-8B8CE90568FB}.Release|Any CPU.Build.0 = Release|Any CPU
		{1C1CA8BA-D699-48BD-924D-432D7413F21C}.Debug|Any CPU.ActiveCfg = Debug|Any CPU
		{1C1CA8BA-D699-48BD-924D-432D7413F21C}.Debug|Any CPU.Build.0 = Debug|Any CPU
		{1C1CA8BA-D699-48BD-924D-432D7413F21C}.Production|Any CPU.ActiveCfg = Debug|Any CPU
		{1C1CA8BA-D699-48BD-924D-432D7413F21C}.Production|Any CPU.Build.0 = Debug|Any CPU
		{1C1CA8BA-D699-48BD-924D-432D7413F21C}.Release|Any CPU.ActiveCfg = Release|Any CPU
		{1C1CA8BA-D699-48BD-924D-432D7413F21C}.Release|Any CPU.Build.0 = Release|Any CPU
		{B20C0241-30D9-4827-B7D0-106E7C66C30C}.Debug|Any CPU.ActiveCfg = Debug|Any CPU
		{B20C0241-30D9-4827-B7D0-106E7C66C30C}.Debug|Any CPU.Build.0 = Debug|Any CPU
		{B20C0241-30D9-4827-B7D0-106E7C66C30C}.Production|Any CPU.ActiveCfg = Debug|Any CPU
		{B20C0241-30D9-4827-B7D0-106E7C66C30C}.Production|Any CPU.Build.0 = Debug|Any CPU
		{B20C0241-30D9-4827-B7D0-106E7C66C30C}.Release|Any CPU.ActiveCfg = Release|Any CPU
		{B20C0241-30D9-4827-B7D0-106E7C66C30C}.Release|Any CPU.Build.0 = Release|Any CPU
	EndGlobalSection
	GlobalSection(SolutionProperties) = preSolution
		HideSolutionNode = FALSE
	EndGlobalSection
	GlobalSection(NestedProjects) = preSolution
		{B6B5215D-9055-4B35-B55E-3C87253607E5} = {B5A07358-125A-4857-88CE-FED91326FAFA}
		{ED524B68-3F53-4038-992A-D90CA6C22FBF} = {C94046FB-C923-4191-8037-BE26DED1E213}
		{8194F333-AF9B-4A1D-88E2-628A22F2866E} = {4265E855-0E52-4037-8A02-DF67B578F68D}
		{95ED9954-431F-41E2-98F2-236C26FDABAF} = {4265E855-0E52-4037-8A02-DF67B578F68D}
		{6B6FCB2E-125E-4B81-B853-54061D5F7C8A} = {E528D9E8-3D4C-4496-9DCB-432E4B0FF841}
		{5F8B2989-2FAD-4563-845C-57E2E2E4E7CB} = {E528D9E8-3D4C-4496-9DCB-432E4B0FF841}
		{2F26C7AA-2E22-4A91-8344-2296986D41DA} = {E528D9E8-3D4C-4496-9DCB-432E4B0FF841}
		{13E1672A-ADE2-4E7E-8E78-7C57207D8E4D} = {C7B75445-808E-4F20-8A97-04A30B07D37C}
		{7092FAF7-82D6-4BEA-B8F3-8DCC2758E1B5} = {C7B75445-808E-4F20-8A97-04A30B07D37C}
		{57711928-7283-44C1-BC12-EF2E8C062DA3} = {C7B75445-808E-4F20-8A97-04A30B07D37C}
		{B8E7FE44-9142-4FB0-91B8-5C9B33BE5301} = {63B5251D-66D0-40EE-B2F2-18509C672F4B}
		{DD5462F0-59AA-4F31-A4A7-551FB9E34BFD} = {63B5251D-66D0-40EE-B2F2-18509C672F4B}
		{ED707388-D162-45A0-A6B9-77B71ADE2F54} = {6268CA21-AA38-4F48-8EE6-BE0C1CB2717D}
		{D7C8BBCA-A41B-46CE-935C-64B0B5365A9B} = {6268CA21-AA38-4F48-8EE6-BE0C1CB2717D}
		{1FD3685A-7015-42D3-887A-8B8CE90568FB} = {01337793-FEF2-46DB-88CC-273EC8967B34}
		{1C1CA8BA-D699-48BD-924D-432D7413F21C} = {01337793-FEF2-46DB-88CC-273EC8967B34}
		{B20C0241-30D9-4827-B7D0-106E7C66C30C} = {FBEE6A39-CFDD-4884-92C6-4E5A02C02B07}
	EndGlobalSection
	GlobalSection(ExtensibilityGlobals) = postSolution
		SolutionGuid = {38CABD4B-915D-4A69-B041-8B3767C79ECF}
	EndGlobalSection
EndGlobal
